
Microsoft Visual Studio Solution File, Format Version 12.00
# Visual Studio 15
VisualStudioVersion = 15.0.28307.106
MinimumVisualStudioVersion = 10.0.40219.1
Project("{FAE04EC0-301F-11D3-BF4B-00C04F79EFBC}") = "Aspirobot01", "Aspirobot01\Aspirobot01.csproj", "{582F7368-4A29-4840-BD36-007D9D09D94F}"
EndProject
Global
	GlobalSection(SolutionConfigurationPlatforms) = preSolution
		Debug|Any CPU = Debug|Any CPU
		Release|Any CPU = Release|Any CPU
	EndGlobalSection
	GlobalSection(ProjectConfigurationPlatforms) = postSolution
		{582F7368-4A29-4840-BD36-007D9D09D94F}.Debug|Any CPU.ActiveCfg = Debug|Any CPU
		{582F7368-4A29-4840-BD36-007D9D09D94F}.Debug|Any CPU.Build.0 = Debug|Any CPU
		{582F7368-4A29-4840-BD36-007D9D09D94F}.Release|Any CPU.ActiveCfg = Release|Any CPU
		{582F7368-4A29-4840-BD36-007D9D09D94F}.Release|Any CPU.Build.0 = Release|Any CPU
	EndGlobalSection
	GlobalSection(SolutionProperties) = preSolution
		HideSolutionNode = FALSE
	EndGlobalSection
	GlobalSection(ExtensibilityGlobals) = postSolution
		SolutionGuid = {FE596660-11D5-4B10-AB3B-FDAD2BA8D1BE}
	EndGlobalSection
EndGlobal
